
Microsoft Visual Studio Solution File, Format Version 12.00
# Visual Studio Version 16
VisualStudioVersion = 16.0.31410.357
MinimumVisualStudioVersion = 10.0.40219.1
Project("{FAE04EC0-301F-11D3-BF4B-00C04F79EFBC}") = "Chap-10-exercise", "Chap-10-exercise\Chap-10-exercise.csproj", "{C8D86633-3740-4677-957A-87676B60C421}"
EndProject
Global
	GlobalSection(SolutionConfigurationPlatforms) = preSolution
		Debug|Any CPU = Debug|Any CPU
		Release|Any CPU = Release|Any CPU
	EndGlobalSection
	GlobalSection(ProjectConfigurationPlatforms) = postSolution
		{C8D86633-3740-4677-957A-87676B60C421}.Debug|Any CPU.ActiveCfg = Debug|Any CPU
		{C8D86633-3740-4677-957A-87676B60C421}.Debug|Any CPU.Build.0 = Debug|Any CPU
		{C8D86633-3740-4677-957A-87676B60C421}.Release|Any CPU.ActiveCfg = Release|Any CPU
		{C8D86633-3740-4677-957A-87676B60C421}.Release|Any CPU.Build.0 = Release|Any CPU
	EndGlobalSection
	GlobalSection(SolutionProperties) = preSolution
		HideSolutionNode = FALSE
	EndGlobalSection
	GlobalSection(ExtensibilityGlobals) = postSolution
		SolutionGuid = {3F7FCCB7-CEB9-4CEC-99D4-C111EA6EAEA8}
	EndGlobalSection
EndGlobal
